
Microsoft Visual Studio Solution File, Format Version 12.00
# Visual Studio Version 17
VisualStudioVersion = 17.6.33723.286
MinimumVisualStudioVersion = 10.0.40219.1
Project("{9A19103F-16F7-4668-BE54-9A1E7A4F7556}") = "TvShowWebAPI", "TvShowWebAPI\TvShowWebAPI.csproj", "{73448403-BB35-4E02-90E5-67BF925CB2AF}"
EndProject
Project("{FAE04EC0-301F-11D3-BF4B-00C04F79EFBC}") = "TVShowClassLibrary", "TVShowClassLibrary\TVShowClassLibrary.csproj", "{C3B52877-25D3-4E17-A049-1C0204A26C8F}"
EndProject
Global
	GlobalSection(SolutionConfigurationPlatforms) = preSolution
		Debug|Any CPU = Debug|Any CPU
		Release|Any CPU = Release|Any CPU
	EndGlobalSection
	GlobalSection(ProjectConfigurationPlatforms) = postSolution
		{73448403-BB35-4E02-90E5-67BF925CB2AF}.Debug|Any CPU.ActiveCfg = Debug|Any CPU
		{73448403-BB35-4E02-90E5-67BF925CB2AF}.Debug|Any CPU.Build.0 = Debug|Any CPU
		{73448403-BB35-4E02-90E5-67BF925CB2AF}.Release|Any CPU.ActiveCfg = Release|Any CPU
		{73448403-BB35-4E02-90E5-67BF925CB2AF}.Release|Any CPU.Build.0 = Release|Any CPU
		{C3B52877-25D3-4E17-A049-1C0204A26C8F}.Debug|Any CPU.ActiveCfg = Debug|Any CPU
		{C3B52877-25D3-4E17-A049-1C0204A26C8F}.Debug|Any CPU.Build.0 = Debug|Any CPU
		{C3B52877-25D3-4E17-A049-1C0204A26C8F}.Release|Any CPU.ActiveCfg = Release|Any CPU
		{C3B52877-25D3-4E17-A049-1C0204A26C8F}.Release|Any CPU.Build.0 = Release|Any CPU
	EndGlobalSection
	GlobalSection(SolutionProperties) = preSolution
		HideSolutionNode = FALSE
	EndGlobalSection
	GlobalSection(ExtensibilityGlobals) = postSolution
		SolutionGuid = {9F36181A-3A88-4D8D-9EE8-2BE89280D58D}
	EndGlobalSection
EndGlobal
